
Microsoft Visual Studio Solution File, Format Version 12.00
Project("{FAE04EC0-301F-11D3-BF4B-00C04F79EFBC}") = "ShopMVC", "ShopMVC\ShopMVC.csproj", "{171B4813-53BB-4D51-A810-2037CA03BCD0}"
EndProject
Global
	GlobalSection(SolutionConfigurationPlatforms) = preSolution
		Debug|Any CPU = Debug|Any CPU
		Release|Any CPU = Release|Any CPU
	EndGlobalSection
	GlobalSection(ProjectConfigurationPlatforms) = postSolution
		{171B4813-53BB-4D51-A810-2037CA03BCD0}.Debug|Any CPU.ActiveCfg = Debug|Any CPU
		{171B4813-53BB-4D51-A810-2037CA03BCD0}.Debug|Any CPU.Build.0 = Debug|Any CPU
		{171B4813-53BB-4D51-A810-2037CA03BCD0}.Release|Any CPU.ActiveCfg = Release|Any CPU
		{171B4813-53BB-4D51-A810-2037CA03BCD0}.Release|Any CPU.Build.0 = Release|Any CPU
	EndGlobalSection
EndGlobal
